PODS:
  - common (1.0.00)
  - common_client (1.0.00)

DEPENDENCIES:
  - common (from `../common`)
  - common_client (from `../common-client`)

EXTERNAL SOURCES:
  common:
    :path: "../common"
  common_client:
    :path: "../common-client"

SPEC CHECKSUMS:
  common: cb659610d3e3837bc04bf6e75a097b61f4e639d5
  common_client: 90fc020325ad257bae2600e4dd7f6a7d0e31bd14

PODFILE CHECKSUM: 5342129ec57f824153a1523bbd55c0b7060044c3

COCOAPODS: 1.11.3
