PODS:
  - common (1.0.00)
  - common_client (1.0.00)

DEPENDENCIES:
  - common (from `../common`)
  - common_client (from `../common-client`)

EXTERNAL SOURCES:
  common:
    :path: "../common"
  common_client:
    :path: "../common-client"

SPEC CHECKSUMS:
  common: 4ab45f8c6d3f10bbbeb95f6fb2425126364c1a94
  common_client: aeb873650a9d82533820e24145efd6b1e690e823

PODFILE CHECKSUM: 5342129ec57f824153a1523bbd55c0b7060044c3

COCOAPODS: 1.12.0
